{
    "_readme": [
        "This file locks the dependencies of your project to a known state",
        "Read more about it at https://getcomposer.org/doc/01-basic-usage.md#installing-dependencies",
        "This file is @generated automatically"
    ],
    "content-hash": "035fea1a9aff753fa208d91d886971cd",
    "packages": [
        {
            "name": "localgovdrupal/localgov_skeleton",
            "version": "1.0.0-alpha1",
            "source": {
                "type": "git",
                "url": "https://github.com/localgovdrupal/localgov_skeleton.git",
                "reference": "4d3b517411b338e849f6a8fd1855c7c2b72561f2"
            },
            "dist": {
                "type": "zip",
                "url": "https://api.github.com/repos/localgovdrupal/localgov_skeleton/zipball/4d3b517411b338e849f6a8fd1855c7c2b72561f2",
                "reference": "4d3b517411b338e849f6a8fd1855c7c2b72561f2",
                "shasum": ""
            },
            "type": "drupal-theme",
            "notification-url": "https://packagist.org/downloads/",
            "license": [
                "GPL-2.0-or-later"
            ],
            "description": "Bare base theme for LocaGov Drupal sites with no styling.",
            "homepage": "https://github.com/localgovdrupal/localgov_skeleton",
            "time": "2020-09-16T13:14:35+00:00"
        }
    ],
    "packages-dev": [],
    "aliases": [],
    "minimum-stability": "stable",
    "stability-flags": {
        "localgovdrupal/localgov_skeleton": 15
    },
    "prefer-stable": false,
    "prefer-lowest": false,
    "platform": [],
    "platform-dev": [],
    "plugin-api-version": "1.1.0"
}
